
Microsoft Visual Studio Solution File, Format Version 12.00
# Visual Studio Version 17
VisualStudioVersion = 17.0.31903.59
MinimumVisualStudioVersion = 10.0.40219.1
Project("{FAE04EC0-301F-11D3-BF4B-00C04F79EFBC}") = "Api", "Api\Api.csproj", "{291979C8-4872-48B0-8BF3-ECE7139298C4}"
EndProject
Project("{FAE04EC0-301F-11D3-BF4B-00C04F79EFBC}") = "Domain", "Domain\Domain.csproj", "{A9CB63BA-1876-4313-A540-853FFB511DD6}"
EndProject
Project("{FAE04EC0-301F-11D3-BF4B-00C04F79EFBC}") = "Application", "Application\Application.csproj", "{EB5698F3-0A1A-42F0-8238-E422582C1DB2}"
EndProject
Project("{FAE04EC0-301F-11D3-BF4B-00C04F79EFBC}") = "Infrastructure", "Infrastructure\Infrastructure.csproj", "{2BF2C74B-40C9-4C10-BD91-6273A7BE6096}"
EndProject
Global
	GlobalSection(SolutionConfigurationPlatforms) = preSolution
		Debug|Any CPU = Debug|Any CPU
		Debug|x64 = Debug|x64
		Debug|x86 = Debug|x86
		Release|Any CPU = Release|Any CPU
		Release|x64 = Release|x64
		Release|x86 = Release|x86
	EndGlobalSection
	GlobalSection(ProjectConfigurationPlatforms) = postSolution
		{291979C8-4872-48B0-8BF3-ECE7139298C4}.Debug|Any CPU.ActiveCfg = Debug|Any CPU
		{291979C8-4872-48B0-8BF3-ECE7139298C4}.Debug|Any CPU.Build.0 = Debug|Any CPU
		{291979C8-4872-48B0-8BF3-ECE7139298C4}.Debug|x64.ActiveCfg = Debug|Any CPU
		{291979C8-4872-48B0-8BF3-ECE7139298C4}.Debug|x64.Build.0 = Debug|Any CPU
		{291979C8-4872-48B0-8BF3-ECE7139298C4}.Debug|x86.ActiveCfg = Debug|Any CPU
		{291979C8-4872-48B0-8BF3-ECE7139298C4}.Debug|x86.Build.0 = Debug|Any CPU
		{291979C8-4872-48B0-8BF3-ECE7139298C4}.Release|Any CPU.ActiveCfg = Release|Any CPU
		{291979C8-4872-48B0-8BF3-ECE7139298C4}.Release|Any CPU.Build.0 = Release|Any CPU
		{291979C8-4872-48B0-8BF3-ECE7139298C4}.Release|x64.ActiveCfg = Release|Any CPU
		{291979C8-4872-48B0-8BF3-ECE7139298C4}.Release|x64.Build.0 = Release|Any CPU
		{291979C8-4872-48B0-8BF3-ECE7139298C4}.Release|x86.ActiveCfg = Release|Any CPU
		{291979C8-4872-48B0-8BF3-ECE7139298C4}.Release|x86.Build.0 = Release|Any CPU
		{A9CB63BA-1876-4313-A540-853FFB511DD6}.Debug|Any CPU.ActiveCfg = Debug|Any CPU
		{A9CB63BA-1876-4313-A540-853FFB511DD6}.Debug|Any CPU.Build.0 = Debug|Any CPU
		{A9CB63BA-1876-4313-A540-853FFB511DD6}.Debug|x64.ActiveCfg = Debug|Any CPU
		{A9CB63BA-1876-4313-A540-853FFB511DD6}.Debug|x64.Build.0 = Debug|Any CPU
		{A9CB63BA-1876-4313-A540-853FFB511DD6}.Debug|x86.ActiveCfg = Debug|Any CPU
		{A9CB63BA-1876-4313-A540-853FFB511DD6}.Debug|x86.Build.0 = Debug|Any CPU
		{A9CB63BA-1876-4313-A540-853FFB511DD6}.Release|Any CPU.ActiveCfg = Release|Any CPU
		{A9CB63BA-1876-4313-A540-853FFB511DD6}.Release|Any CPU.Build.0 = Release|Any CPU
		{A9CB63BA-1876-4313-A540-853FFB511DD6}.Release|x64.ActiveCfg = Release|Any CPU
		{A9CB63BA-1876-4313-A540-853FFB511DD6}.Release|x64.Build.0 = Release|Any CPU
		{A9CB63BA-1876-4313-A540-853FFB511DD6}.Release|x86.ActiveCfg = Release|Any CPU
		{A9CB63BA-1876-4313-A540-853FFB511DD6}.Release|x86.Build.0 = Release|Any CPU
		{EB5698F3-0A1A-42F0-8238-E422582C1DB2}.Debug|Any CPU.ActiveCfg = Debug|Any CPU
		{EB5698F3-0A1A-42F0-8238-E422582C1DB2}.Debug|Any CPU.Build.0 = Debug|Any CPU
		{EB5698F3-0A1A-42F0-8238-E422582C1DB2}.Debug|x64.ActiveCfg = Debug|Any CPU
		{EB5698F3-0A1A-42F0-8238-E422582C1DB2}.Debug|x64.Build.0 = Debug|Any CPU
		{EB5698F3-0A1A-42F0-8238-E422582C1DB2}.Debug|x86.ActiveCfg = Debug|Any CPU
		{EB5698F3-0A1A-42F0-8238-E422582C1DB2}.Debug|x86.Build.0 = Debug|Any CPU
		{EB5698F3-0A1A-42F0-8238-E422582C1DB2}.Release|Any CPU.ActiveCfg = Release|Any CPU
		{EB5698F3-0A1A-42F0-8238-E422582C1DB2}.Release|Any CPU.Build.0 = Release|Any CPU
		{EB5698F3-0A1A-42F0-8238-E422582C1DB2}.Release|x64.ActiveCfg = Release|Any CPU
		{EB5698F3-0A1A-42F0-8238-E422582C1DB2}.Release|x64.Build.0 = Release|Any CPU
		{EB5698F3-0A1A-42F0-8238-E422582C1DB2}.Release|x86.ActiveCfg = Release|Any CPU
		{EB5698F3-0A1A-42F0-8238-E422582C1DB2}.Release|x86.Build.0 = Release|Any CPU
		{2BF2C74B-40C9-4C10-BD91-6273A7BE6096}.Debug|Any CPU.ActiveCfg = Debug|Any CPU
		{2BF2C74B-40C9-4C10-BD91-6273A7BE6096}.Debug|Any CPU.Build.0 = Debug|Any CPU
		{2BF2C74B-40C9-4C10-BD91-6273A7BE6096}.Debug|x64.ActiveCfg = Debug|Any CPU
		{2BF2C74B-40C9-4C10-BD91-6273A7BE6096}.Debug|x64.Build.0 = Debug|Any CPU
		{2BF2C74B-40C9-4C10-BD91-6273A7BE6096}.Debug|x86.ActiveCfg = Debug|Any CPU
		{2BF2C74B-40C9-4C10-BD91-6273A7BE6096}.Debug|x86.Build.0 = Debug|Any CPU
		{2BF2C74B-40C9-4C10-BD91-6273A7BE6096}.Release|Any CPU.ActiveCfg = Release|Any CPU
		{2BF2C74B-40C9-4C10-BD91-6273A7BE6096}.Release|Any CPU.Build.0 = Release|Any CPU
		{2BF2C74B-40C9-4C10-BD91-6273A7BE6096}.Release|x64.ActiveCfg = Release|Any CPU
		{2BF2C74B-40C9-4C10-BD91-6273A7BE6096}.Release|x64.Build.0 = Release|Any CPU
		{2BF2C74B-40C9-4C10-BD91-6273A7BE6096}.Release|x86.ActiveCfg = Release|Any CPU
		{2BF2C74B-40C9-4C10-BD91-6273A7BE6096}.Release|x86.Build.0 = Release|Any CPU
	EndGlobalSection
	GlobalSection(SolutionProperties) = preSolution
		HideSolutionNode = FALSE
	EndGlobalSection
EndGlobal
